PODS:
  - Flutter (1.0.0)
  - n_baidu_ocr_plugin (0.0.1):
    - Flutter

DEPENDENCIES:
  - Flutter (from `.symlinks/flutter/ios-release`)
  - n_baidu_ocr_plugin (from `.symlinks/plugins/n_baidu_ocr_plugin/ios`)

EXTERNAL SOURCES:
  Flutter:
    :path: ".symlinks/flutter/ios-release"
  n_baidu_ocr_plugin:
    :path: ".symlinks/plugins/n_baidu_ocr_plugin/ios"

SPEC CHECKSUMS:
  Flutter: 58dd7d1b27887414a370fcccb9e645c08ffd7a6a
  n_baidu_ocr_plugin: 2c460e8259fe7a5b0e7c5f8e5b43df4d0fc0b301

PODFILE CHECKSUM: 7fb83752f59ead6285236625b82473f90b1cb932

COCOAPODS: 1.7.5
